github.com/fflamingodev/notavalue v0.1.0 h1:Vzvw8FqwFJ1pFVwe6rwhrwM/wxOhL0dBhlFJ9crBE80=
github.com/fflamingodev/notavalue v0.1.0/go.mod h1:FIIeqG/taFmZZh5EvWrYMrJkoQh6BuDod2rpvJxf8XQ=
github.com/fflamingodev/notavalue v0.2.0 h1:ae+XE2Ahi1zwuDPq2HW6hhqtnkiozTqw6gmgPygvWso=
github.com/fflamingodev/notavalue v0.2.0/go.mod h1:FIIeqG/taFmZZh5EvWrYMrJkoQh6BuDod2rpvJxf8XQ=
